PODS:
  - FBSnapshotTestCase (2.1.4):
    - FBSnapshotTestCase/SwiftSupport (= 2.1.4)
  - FBSnapshotTestCase/Core (2.1.4)
  - FBSnapshotTestCase/SwiftSupport (2.1.4):
    - FBSnapshotTestCase/Core
  - TomLib (0.1.0)

DEPENDENCIES:
  - FBSnapshotTestCase
  - TomLib (~> 0.1.0)

SPEC REPOS:
  https://github.com/CocoaPods/Specs.git:
    - FBSnapshotTestCase
  https://github.com/ljt23/Specs.git:
    - TomLib

SPEC CHECKSUMS:
  FBSnapshotTestCase: 094f9f314decbabe373b87cc339bea235a63e07a
  TomLib: 38d52cbebd1cad0d301c2586096f167100447012

PODFILE CHECKSUM: fbd5a59a4896efd86792d13a73d32f259ac2a6db

COCOAPODS: 1.5.0
